
Microsoft Visual Studio Solution File, Format Version 12.00
# Visual Studio Version 17
VisualStudioVersion = 17.7.33927.210
MinimumVisualStudioVersion = 10.0.40219.1
Project("{FAE04EC0-301F-11D3-BF4B-00C04F79EFBC}") = "AppointmentsManager", "AppointmentsManager\AppointmentsManager.csproj", "{08084390-9664-40E5-AFDA-033966F8BE49}"
EndProject
Global
	GlobalSection(SolutionConfigurationPlatforms) = preSolution
		Debug|Any CPU = Debug|Any CPU
		Release|Any CPU = Release|Any CPU
	EndGlobalSection
	GlobalSection(ProjectConfigurationPlatforms) = postSolution
		{08084390-9664-40E5-AFDA-033966F8BE49}.Debug|Any CPU.ActiveCfg = Debug|Any CPU
		{08084390-9664-40E5-AFDA-033966F8BE49}.Debug|Any CPU.Build.0 = Debug|Any CPU
		{08084390-9664-40E5-AFDA-033966F8BE49}.Release|Any CPU.ActiveCfg = Release|Any CPU
		{08084390-9664-40E5-AFDA-033966F8BE49}.Release|Any CPU.Build.0 = Release|Any CPU
	EndGlobalSection
	GlobalSection(SolutionProperties) = preSolution
		HideSolutionNode = FALSE
	EndGlobalSection
	GlobalSection(ExtensibilityGlobals) = postSolution
		SolutionGuid = {7667744B-CEDF-4B4A-B4B3-8642905911A0}
	EndGlobalSection
EndGlobal
